{
  "object": {
    "pins": [
      {
        "package": "PacketStream",
        "repositoryURL": "https://github.com/OperatorFoundation/PacketStream.git",
        "state": {
          "branch": null,
          "revision": "2340145ec9c547f23aeb0464a3b230f6afaa529b",
          "version": "0.2.1"
        }
      },
      {
        "package": "SwiftHexTools",
        "repositoryURL": "https://github.com/OperatorFoundation/SwiftHexTools",
        "state": {
          "branch": null,
          "revision": "4ce4a4f66eea05c900d447af8c07ecaac720716c",
          "version": "1.2.2"
        }
      },
      {
        "package": "SwiftPCAP",
        "repositoryURL": "https://github.com/OperatorFoundation/SwiftPCAP.git",
        "state": {
          "branch": null,
          "revision": "6bc1a1f6418cfade2cc67651ee891f2bfd42f28d",
          "version": "1.1.10"
        }
      }
    ]
  },
  "version": 1
}
